# This file is automatically @generated by Cargo.
# It is not intended for manual editing.
version = 4

[[package]]
name = "bincache"
version = "0.0.0"
dependencies = [
 "bincache-core",
 "bincache-index",
 "bincache-ingest",
 "bincache-serve",
 "bincache-store",
]

[[package]]
name = "bincache-core"
version = "0.0.0"

[[package]]
name = "bincache-index"
version = "0.0.0"
dependencies = [
 "bincache-core",
]

[[package]]
name = "bincache-ingest"
version = "0.0.0"
dependencies = [
 "bincache-core",
 "bincache-index",
 "bincache-store",
]

[[package]]
name = "bincache-serve"
version = "0.0.0"
dependencies = [
 "bincache-core",
 "bincache-index",
 "bincache-store",
]

[[package]]
name = "bincache-store"
version = "0.0.0"
dependencies = [
 "bincache-core",
]
